
Microsoft Visual Studio Solution File, Format Version 12.00
# Visual Studio 15
VisualStudioVersion = 15.0.28010.2046
MinimumVisualStudioVersion = 10.0.40219.1
Project("{FAE04EC0-301F-11D3-BF4B-00C04F79EFBC}") = "RSACipher", "RSACipher\RSACipher.csproj", "{B0308036-98AA-432D-A861-7AEA96E569FC}"
EndProject
Global
	GlobalSection(SolutionConfigurationPlatforms) = preSolution
		Debug|Any CPU = Debug|Any CPU
		Release|Any CPU = Release|Any CPU
	EndGlobalSection
	GlobalSection(ProjectConfigurationPlatforms) = postSolution
		{B0308036-98AA-432D-A861-7AEA96E569FC}.Debug|Any CPU.ActiveCfg = Debug|Any CPU
		{B0308036-98AA-432D-A861-7AEA96E569FC}.Debug|Any CPU.Build.0 = Debug|Any CPU
		{B0308036-98AA-432D-A861-7AEA96E569FC}.Release|Any CPU.ActiveCfg = Release|Any CPU
		{B0308036-98AA-432D-A861-7AEA96E569FC}.Release|Any CPU.Build.0 = Release|Any CPU
	EndGlobalSection
	GlobalSection(SolutionProperties) = preSolution
		HideSolutionNode = FALSE
	EndGlobalSection
	GlobalSection(ExtensibilityGlobals) = postSolution
		SolutionGuid = {96DE4FE8-1EA1-4439-9495-B7ED997FAC94}
	EndGlobalSection
EndGlobal
